
Microsoft Visual Studio Solution File, Format Version 12.00
# Visual Studio Version 17
VisualStudioVersion = 17.9.34728.123
MinimumVisualStudioVersion = 10.0.40219.1
Project("{9A19103F-16F7-4668-BE54-9A1E7A4F7556}") = "AlsetWebApplication", "AlsetWebApplication.csproj", "{502C45F4-2602-4D81-A912-52AE02C75A26}"
EndProject
Project("{9A19103F-16F7-4668-BE54-9A1E7A4F7556}") = "AlsetLibrary", "..\AlsetLibrary\AlsetLibrary.csproj", "{C9C0439C-655D-4F10-B734-238C476013E8}"
EndProject
Project("{9A19103F-16F7-4668-BE54-9A1E7A4F7556}") = "AlsetBlazorApp", "..\AlsetBlazorApp\AlsetBlazorApp.csproj", "{CA6DC91C-3CA1-42FA-8116-DA141DE57C29}"
EndProject
Global
	GlobalSection(SolutionConfigurationPlatforms) = preSolution
		Debug|Any CPU = Debug|Any CPU
		Release|Any CPU = Release|Any CPU
	EndGlobalSection
	GlobalSection(ProjectConfigurationPlatforms) = postSolution
		{502C45F4-2602-4D81-A912-52AE02C75A26}.Debug|Any CPU.ActiveCfg = Debug|Any CPU
		{502C45F4-2602-4D81-A912-52AE02C75A26}.Debug|Any CPU.Build.0 = Debug|Any CPU
		{502C45F4-2602-4D81-A912-52AE02C75A26}.Release|Any CPU.ActiveCfg = Release|Any CPU
		{502C45F4-2602-4D81-A912-52AE02C75A26}.Release|Any CPU.Build.0 = Release|Any CPU
		{C9C0439C-655D-4F10-B734-238C476013E8}.Debug|Any CPU.ActiveCfg = Debug|Any CPU
		{C9C0439C-655D-4F10-B734-238C476013E8}.Debug|Any CPU.Build.0 = Debug|Any CPU
		{C9C0439C-655D-4F10-B734-238C476013E8}.Release|Any CPU.ActiveCfg = Release|Any CPU
		{C9C0439C-655D-4F10-B734-238C476013E8}.Release|Any CPU.Build.0 = Release|Any CPU
		{CA6DC91C-3CA1-42FA-8116-DA141DE57C29}.Debug|Any CPU.ActiveCfg = Debug|Any CPU
		{CA6DC91C-3CA1-42FA-8116-DA141DE57C29}.Debug|Any CPU.Build.0 = Debug|Any CPU
		{CA6DC91C-3CA1-42FA-8116-DA141DE57C29}.Release|Any CPU.ActiveCfg = Release|Any CPU
		{CA6DC91C-3CA1-42FA-8116-DA141DE57C29}.Release|Any CPU.Build.0 = Release|Any CPU
	EndGlobalSection
	GlobalSection(SolutionProperties) = preSolution
		HideSolutionNode = FALSE
	EndGlobalSection
	GlobalSection(ExtensibilityGlobals) = postSolution
		SolutionGuid = {E908BE05-B631-448D-B7A8-3C87E0E46049}
	EndGlobalSection
EndGlobal
